
Microsoft Visual Studio Solution File, Format Version 12.00
# Visual Studio Version 17
VisualStudioVersion = 17.0.32126.317
MinimumVisualStudioVersion = 10.0.40219.1
Project("{FAE04EC0-301F-11D3-BF4B-00C04F79EFBC}") = "Lesson 3", "Lesson 3\Lesson 3.csproj", "{CFBAA6AF-06C1-4414-857E-9A110ED71D51}"
EndProject
Global
	GlobalSection(SolutionConfigurationPlatforms) = preSolution
		Debug|Any CPU = Debug|Any CPU
		Release|Any CPU = Release|Any CPU
	EndGlobalSection
	GlobalSection(ProjectConfigurationPlatforms) = postSolution
		{CFBAA6AF-06C1-4414-857E-9A110ED71D51}.Debug|Any CPU.ActiveCfg = Debug|Any CPU
		{CFBAA6AF-06C1-4414-857E-9A110ED71D51}.Debug|Any CPU.Build.0 = Debug|Any CPU
		{CFBAA6AF-06C1-4414-857E-9A110ED71D51}.Release|Any CPU.ActiveCfg = Release|Any CPU
		{CFBAA6AF-06C1-4414-857E-9A110ED71D51}.Release|Any CPU.Build.0 = Release|Any CPU
	EndGlobalSection
	GlobalSection(SolutionProperties) = preSolution
		HideSolutionNode = FALSE
	EndGlobalSection
	GlobalSection(ExtensibilityGlobals) = postSolution
		SolutionGuid = {BE8DB2A4-5A11-4330-8EF7-B16F3BE66CB7}
	EndGlobalSection
EndGlobal
